
Microsoft Visual Studio Solution File, Format Version 12.00
# Visual Studio 15
VisualStudioVersion = 15.0.26430.13
MinimumVisualStudioVersion = 10.0.40219.1
Project("{F2A71F9B-5D33-465A-A702-920D77279786}") = "NetScrattino", "NetScrattino\NetScrattino.fsproj", "{A323F151-B58E-495B-871C-C29FBB8AA70E}"
EndProject
Project("{FAE04EC0-301F-11D3-BF4B-00C04F79EFBC}") = "NetScrattinoWin", "NetScrattinoWin\NetScrattinoWin.csproj", "{B3A873E7-7B43-4FCE-A91B-1926D655363D}"
EndProject
Project("{F2A71F9B-5D33-465A-A702-920D77279786}") = "NetScrattino.Core", "NetScrattino.Core\NetScrattino.Core.fsproj", "{52EEDD3C-D7B6-43F2-8FF0-E0D4AD6C2B00}"
EndProject
Project("{F2A71F9B-5D33-465A-A702-920D77279786}") = "NetScrattino.Console", "NetScrattino.Console\NetScrattino.Console.fsproj", "{E67A1F1A-071D-448B-8216-70A00B49E236}"
EndProject
Global
	GlobalSection(SolutionConfigurationPlatforms) = preSolution
		Debug|Any CPU = Debug|Any CPU
		Release|Any CPU = Release|Any CPU
	EndGlobalSection
	GlobalSection(ProjectConfigurationPlatforms) = postSolution
		{A323F151-B58E-495B-871C-C29FBB8AA70E}.Debug|Any CPU.ActiveCfg = Debug|Any CPU
		{A323F151-B58E-495B-871C-C29FBB8AA70E}.Debug|Any CPU.Build.0 = Debug|Any CPU
		{A323F151-B58E-495B-871C-C29FBB8AA70E}.Release|Any CPU.ActiveCfg = Release|Any CPU
		{A323F151-B58E-495B-871C-C29FBB8AA70E}.Release|Any CPU.Build.0 = Release|Any CPU
		{B3A873E7-7B43-4FCE-A91B-1926D655363D}.Debug|Any CPU.ActiveCfg = Debug|Any CPU
		{B3A873E7-7B43-4FCE-A91B-1926D655363D}.Debug|Any CPU.Build.0 = Debug|Any CPU
		{B3A873E7-7B43-4FCE-A91B-1926D655363D}.Release|Any CPU.ActiveCfg = Release|Any CPU
		{B3A873E7-7B43-4FCE-A91B-1926D655363D}.Release|Any CPU.Build.0 = Release|Any CPU
		{52EEDD3C-D7B6-43F2-8FF0-E0D4AD6C2B00}.Debug|Any CPU.ActiveCfg = Debug|Any CPU
		{52EEDD3C-D7B6-43F2-8FF0-E0D4AD6C2B00}.Debug|Any CPU.Build.0 = Debug|Any CPU
		{52EEDD3C-D7B6-43F2-8FF0-E0D4AD6C2B00}.Release|Any CPU.ActiveCfg = Release|Any CPU
		{52EEDD3C-D7B6-43F2-8FF0-E0D4AD6C2B00}.Release|Any CPU.Build.0 = Release|Any CPU
		{E67A1F1A-071D-448B-8216-70A00B49E236}.Debug|Any CPU.ActiveCfg = Debug|Any CPU
		{E67A1F1A-071D-448B-8216-70A00B49E236}.Debug|Any CPU.Build.0 = Debug|Any CPU
		{E67A1F1A-071D-448B-8216-70A00B49E236}.Release|Any CPU.ActiveCfg = Release|Any CPU
		{E67A1F1A-071D-448B-8216-70A00B49E236}.Release|Any CPU.Build.0 = Release|Any CPU
	EndGlobalSection
	GlobalSection(SolutionProperties) = preSolution
		HideSolutionNode = FALSE
	EndGlobalSection
	GlobalSection(ExtensibilityGlobals) = postSolution
		SolutionGuid = {1C6D447E-A39C-4C23-834F-9F43E88080E1}
	EndGlobalSection
EndGlobal
